
Microsoft Visual Studio Solution File, Format Version 12.00
# Visual Studio 2015
Project("{FAE04EC0-301F-11D3-BF4B-00C04F79EFBC}") = "Scratchpad.CSharp.Plugins", "Scratchpad.CSharp.Plugins.csproj", "{CB040EAD-C19B-F2B6-C072-89A8C557EDA6}"
EndProject
Project("{FAE04EC0-301F-11D3-BF4B-00C04F79EFBC}") = "Scratchpad.CSharp", "Scratchpad.CSharp.csproj", "{FF3D7795-0B68-695D-1692-7A7F1B3B7B08}"
EndProject
Project("{FAE04EC0-301F-11D3-BF4B-00C04F79EFBC}") = "Scratchpad.CSharp.Editor", "Scratchpad.CSharp.Editor.csproj", "{9764C21D-E0CA-0E84-8302-DC11E5A42985}"
EndProject
Global
	GlobalSection(SolutionConfigurationPlatforms) = preSolution
		Debug|Any CPU = Debug|Any CPU
		Release|Any CPU = Release|Any CPU
	EndGlobalSection
	GlobalSection(ProjectConfigurationPlatforms) = postSolution
		{CB040EAD-C19B-F2B6-C072-89A8C557EDA6}.Debug|Any CPU.ActiveCfg = Debug|Any CPU
		{CB040EAD-C19B-F2B6-C072-89A8C557EDA6}.Debug|Any CPU.Build.0 = Debug|Any CPU
		{CB040EAD-C19B-F2B6-C072-89A8C557EDA6}.Release|Any CPU.ActiveCfg = Release|Any CPU
		{CB040EAD-C19B-F2B6-C072-89A8C557EDA6}.Release|Any CPU.Build.0 = Release|Any CPU
		{FF3D7795-0B68-695D-1692-7A7F1B3B7B08}.Debug|Any CPU.ActiveCfg = Debug|Any CPU
		{FF3D7795-0B68-695D-1692-7A7F1B3B7B08}.Debug|Any CPU.Build.0 = Debug|Any CPU
		{FF3D7795-0B68-695D-1692-7A7F1B3B7B08}.Release|Any CPU.ActiveCfg = Release|Any CPU
		{FF3D7795-0B68-695D-1692-7A7F1B3B7B08}.Release|Any CPU.Build.0 = Release|Any CPU
		{9764C21D-E0CA-0E84-8302-DC11E5A42985}.Debug|Any CPU.ActiveCfg = Debug|Any CPU
		{9764C21D-E0CA-0E84-8302-DC11E5A42985}.Debug|Any CPU.Build.0 = Debug|Any CPU
		{9764C21D-E0CA-0E84-8302-DC11E5A42985}.Release|Any CPU.ActiveCfg = Release|Any CPU
		{9764C21D-E0CA-0E84-8302-DC11E5A42985}.Release|Any CPU.Build.0 = Release|Any CPU
	EndGlobalSection
	GlobalSection(SolutionProperties) = preSolution
		HideSolutionNode = FALSE
	EndGlobalSection
EndGlobal
